
Microsoft Visual Studio Solution File, Format Version 12.00
Project("{FAE04EC0-301F-11D3-BF4B-00C04F79EFBC}") = "LedCube.Streamer.Console", "LedCube.Streamer.Console\LedCube.Streamer.Console.csproj", "{113DE12C-F40F-4758-BF19-5A1F6E932871}"
EndProject
Project("{FAE04EC0-301F-11D3-BF4B-00C04F79EFBC}") = "LedCube.Test", "LedCube.Test\LedCube.Test.csproj", "{EAC37F0C-885F-4158-992A-EBB58E38D6BE}"
EndProject
Project("{2150E333-8FDC-42A3-9474-1A3956D46DE8}") = "ObjParser", "Animator\WIP\ObjParser", "{BD7277D3-0869-46B1-A5EE-AEE5F773F4C1}"
EndProject
Project("{FAE04EC0-301F-11D3-BF4B-00C04F79EFBC}") = "ObjParser", "Animator\WIP\ObjParser\ObjParser\ObjParser.csproj", "{68A322D7-0A18-43C2-8D40-26ADA8D7C9F0}"
EndProject
Project("{FAE04EC0-301F-11D3-BF4B-00C04F79EFBC}") = "ObjParser.Test", "Animator\WIP\ObjParser\ObjParser.Test\ObjParser.Test.csproj", "{6790EF6A-4FE4-4017-9D3D-AF6100182E89}"
EndProject
Project("{2150E333-8FDC-42A3-9474-1A3956D46DE8}") = "Animator", "Animator", "{230A1423-A1FE-4677-8A70-FBB08E10347F}"
EndProject
Project("{2150E333-8FDC-42A3-9474-1A3956D46DE8}") = "WIP", "WIP", "{BC7FA25F-E5F2-4962-A56F-BC9544D98401}"
EndProject
Project("{FAE04EC0-301F-11D3-BF4B-00C04F79EFBC}") = "Viewport3dDemo", "Animator\WIP\Viewport3dDemo\Viewport3dDemo.csproj", "{F0D8357D-28E8-4B16-8E04-640C9B10AD34}"
EndProject
Project("{FAE04EC0-301F-11D3-BF4B-00C04F79EFBC}") = "HelixToolkitDemo", "Animator\WIP\HelixToolkitDemo\HelixToolkitDemo.csproj", "{F7FF8570-99F5-4EF5-ACDC-C986AAA27917}"
EndProject
Project("{FAE04EC0-301F-11D3-BF4B-00C04F79EFBC}") = "LedCube.Animator", "Animator\LedCube.Animator\LedCube.Animator.csproj", "{0C27AA87-CF88-44CF-B878-520E98912D48}"
EndProject
Project("{FAE04EC0-301F-11D3-BF4B-00C04F79EFBC}") = "LedCube.Animator.Test", "Animator\LedCube.Animator.Test\LedCube.Animator.Test.csproj", "{CA8FAB1A-2EB5-4210-BD79-41D63BEBAC81}"
EndProject
Project("{FAE04EC0-301F-11D3-BF4B-00C04F79EFBC}") = "TimelineControl", "Animator\WIP\TimelineControl\TimelineControl.csproj", "{02A4CD41-3080-4E97-A113-6C12FDA3ACF1}"
EndProject
Project("{FAE04EC0-301F-11D3-BF4B-00C04F79EFBC}") = "LedCube.Streamer.DebugUI", "LedCube.Streamer.DebugUI\LedCube.Streamer.DebugUI.csproj", "{810CCF7A-7B67-4364-8268-0BF7284CF3E6}"
EndProject
Project("{2150E333-8FDC-42A3-9474-1A3956D46DE8}") = "Streamer", "Streamer", "{835FDAEB-6337-4A96-9285-3A5A696AC104}"
EndProject
Project("{FAE04EC0-301F-11D3-BF4B-00C04F79EFBC}") = "LedCube.Streamer", "LedCube.Streamer\LedCube.Streamer.csproj", "{08AD83BA-422A-4484-8022-5327D28A11E1}"
EndProject
Project("{FAE04EC0-301F-11D3-BF4B-00C04F79EFBC}") = "LedCube.Streamer.UI", "LedCube.Streamer.UI\LedCube.Streamer.UI.csproj", "{4FBF4EBA-4E38-4FE6-994A-D8115D73D10D}"
EndProject
Project("{FAE04EC0-301F-11D3-BF4B-00C04F79EFBC}") = "LedCube.Core.UI", "LedCube.Core.UI\LedCube.Core.UI.csproj", "{6C49618B-1508-4468-899F-B9BAA61FCD42}"
EndProject
Project("{FAE04EC0-301F-11D3-BF4B-00C04F79EFBC}") = "LedCube.Streamer.SmallUI", "LedCube.Streamer.SmallUI\LedCube.Streamer.SmallUI.csproj", "{7AA147DE-0A11-4E89-8305-376815B58B6E}"
EndProject
Project("{FAE04EC0-301F-11D3-BF4B-00C04F79EFBC}") = "LedCube.Streamer.Test", "LedCube.Streamer.Test\LedCube.Streamer.Test.csproj", "{66C119DF-DB0F-46F7-B93C-1D46CCFC3FFB}"
EndProject
Project("{FAE04EC0-301F-11D3-BF4B-00C04F79EFBC}") = "LedCube.PluginBase", "Plugin\LedCube.PluginBase\LedCube.PluginBase.csproj", "{C8B99A7B-85D3-4DF6-9578-3BD351540FA3}"
EndProject
Project("{2150E333-8FDC-42A3-9474-1A3956D46DE8}") = "Plugin", "Plugin", "{C2DE345E-5A08-4C96-8677-2C5BB6B92248}"
EndProject
Project("{FAE04EC0-301F-11D3-BF4B-00C04F79EFBC}") = "LedCube.Plugins.Animation.LedWalker", "Plugin\LedCube.Plugins.Animation.LedWalker\LedCube.Plugins.Animation.LedWalker.csproj", "{E4DCFE58-04BD-4C64-8565-220E59EFE5F4}"
EndProject
Project("{FAE04EC0-301F-11D3-BF4B-00C04F79EFBC}") = "LedCube.Core.Common", "LedCube.Core.Common\LedCube.Core.Common.csproj", "{A37C1F0E-5824-44EA-8E4B-100A31B5F252}"
EndProject
Project("{FAE04EC0-301F-11D3-BF4B-00C04F79EFBC}") = "LedCube.PluginHost", "Plugin\LedCube.PluginHost\LedCube.PluginHost.csproj", "{78C5297D-A307-4098-80D8-AAA28EA14C8D}"
EndProject
Project("{FAE04EC0-301F-11D3-BF4B-00C04F79EFBC}") = "LedCube.Streamer.AnimationTestUI", "LedCube.Streamer.AnimationTestUI\LedCube.Streamer.AnimationTestUI.csproj", "{95325658-3F4B-4B22-AF00-A09162CE7621}"
EndProject
Project("{2150E333-8FDC-42A3-9474-1A3956D46DE8}") = "Sdf", "Sdf", "{7E758D55-4170-4831-90F0-C0778356C0FC}"
EndProject
Project("{FAE04EC0-301F-11D3-BF4B-00C04F79EFBC}") = "LedCube.Sdf.Core", "LedCube.Sdf.Core\LedCube.Sdf.Core.csproj", "{77C52A96-C41A-4EE2-9A31-E53A912C1578}"
EndProject
Project("{FAE04EC0-301F-11D3-BF4B-00C04F79EFBC}") = "LedCube.Plugins.Animation.SdfTest", "Plugin\LedCube.Plugins.Animation.SdfTest\LedCube.Plugins.Animation.SdfTest.csproj", "{CFBB5290-87E8-46F0-AC6D-7AAACDF24F4B}"
EndProject
Project("{2150E333-8FDC-42A3-9474-1A3956D46DE8}") = "Tests", "Tests", "{3002AC53-DB0E-4B89-BC65-D91056179A02}"
EndProject
Project("{FAE04EC0-301F-11D3-BF4B-00C04F79EFBC}") = "LedCube.Plugins.Animation.Snake3D", "Plugin\LedCube.Plugins.Animation.Snake3D\LedCube.Plugins.Animation.Snake3D.csproj", "{EAD885EE-AB8C-43CD-8477-8627695482F6}"
EndProject
Project("{FAE04EC0-301F-11D3-BF4B-00C04F79EFBC}") = "LedCube.Plugins.Animation.AudioSpectrum", "Plugin\LedCube.Plugins.Animation.AudioSpectrum\LedCube.Plugins.Animation.AudioSpectrum.csproj", "{20FF7C19-AB2A-4EB1-B02D-2CF834B5DF90}"
EndProject
Project("{FAE04EC0-301F-11D3-BF4B-00C04F79EFBC}") = "LedCube.Plugins.Animation.TextWriter", "Plugin\LedCube.Plugins.Animation.TextWriter\LedCube.Plugins.Animation.TextWriter.csproj", "{3EC4F7B6-164B-45B8-89D8-49723AB89C80}"
EndProject
Project("{FAE04EC0-301F-11D3-BF4B-00C04F79EFBC}") = "LedCube.PluginBase.UI", "Plugin\LedCube.PluginBase.UI\LedCube.PluginBase.UI.csproj", "{2AAAB4E0-479C-4D04-B5C4-DCA8B6E78E73}"
EndProject
Project("{2150E333-8FDC-42A3-9474-1A3956D46DE8}") = "Global", "Global", "{8FE210AA-5283-420A-915E-4B98212458F1}"
	ProjectSection(SolutionItems) = preProject
		Directory.Packages.props = Directory.Packages.props
	EndProjectSection
EndProject
Project("{FAE04EC0-301F-11D3-BF4B-00C04F79EFBC}") = "LedCube.Plugins.Animation.GameOfLife", "Plugin\LedCube.Plugins.Animation.GameOfLife\LedCube.Plugins.Animation.GameOfLife.csproj", "{D613FED2-986F-4A2F-AF55-8B3701285A24}"
EndProject
Global
	GlobalSection(SolutionConfigurationPlatforms) = preSolution
		Debug|Any CPU = Debug|Any CPU
		Release|Any CPU = Release|Any CPU
	EndGlobalSection
	GlobalSection(ProjectConfigurationPlatforms) = postSolution
		{113DE12C-F40F-4758-BF19-5A1F6E932871}.Debug|Any CPU.ActiveCfg = Debug|Any CPU
		{113DE12C-F40F-4758-BF19-5A1F6E932871}.Debug|Any CPU.Build.0 = Debug|Any CPU
		{113DE12C-F40F-4758-BF19-5A1F6E932871}.Release|Any CPU.ActiveCfg = Release|Any CPU
		{113DE12C-F40F-4758-BF19-5A1F6E932871}.Release|Any CPU.Build.0 = Release|Any CPU
		{EAC37F0C-885F-4158-992A-EBB58E38D6BE}.Debug|Any CPU.ActiveCfg = Debug|Any CPU
		{EAC37F0C-885F-4158-992A-EBB58E38D6BE}.Debug|Any CPU.Build.0 = Debug|Any CPU
		{EAC37F0C-885F-4158-992A-EBB58E38D6BE}.Release|Any CPU.ActiveCfg = Release|Any CPU
		{EAC37F0C-885F-4158-992A-EBB58E38D6BE}.Release|Any CPU.Build.0 = Release|Any CPU
		{68A322D7-0A18-43C2-8D40-26ADA8D7C9F0}.Debug|Any CPU.ActiveCfg = Debug|Any CPU
		{68A322D7-0A18-43C2-8D40-26ADA8D7C9F0}.Debug|Any CPU.Build.0 = Debug|Any CPU
		{68A322D7-0A18-43C2-8D40-26ADA8D7C9F0}.Release|Any CPU.ActiveCfg = Release|Any CPU
		{68A322D7-0A18-43C2-8D40-26ADA8D7C9F0}.Release|Any CPU.Build.0 = Release|Any CPU
		{6790EF6A-4FE4-4017-9D3D-AF6100182E89}.Debug|Any CPU.ActiveCfg = Debug|Any CPU
		{6790EF6A-4FE4-4017-9D3D-AF6100182E89}.Debug|Any CPU.Build.0 = Debug|Any CPU
		{6790EF6A-4FE4-4017-9D3D-AF6100182E89}.Release|Any CPU.ActiveCfg = Release|Any CPU
		{6790EF6A-4FE4-4017-9D3D-AF6100182E89}.Release|Any CPU.Build.0 = Release|Any CPU
		{F0D8357D-28E8-4B16-8E04-640C9B10AD34}.Debug|Any CPU.ActiveCfg = Debug|Any CPU
		{F0D8357D-28E8-4B16-8E04-640C9B10AD34}.Debug|Any CPU.Build.0 = Debug|Any CPU
		{F0D8357D-28E8-4B16-8E04-640C9B10AD34}.Release|Any CPU.ActiveCfg = Release|Any CPU
		{F0D8357D-28E8-4B16-8E04-640C9B10AD34}.Release|Any CPU.Build.0 = Release|Any CPU
		{F7FF8570-99F5-4EF5-ACDC-C986AAA27917}.Debug|Any CPU.ActiveCfg = Debug|Any CPU
		{F7FF8570-99F5-4EF5-ACDC-C986AAA27917}.Debug|Any CPU.Build.0 = Debug|Any CPU
		{F7FF8570-99F5-4EF5-ACDC-C986AAA27917}.Release|Any CPU.ActiveCfg = Release|Any CPU
		{F7FF8570-99F5-4EF5-ACDC-C986AAA27917}.Release|Any CPU.Build.0 = Release|Any CPU
		{0C27AA87-CF88-44CF-B878-520E98912D48}.Debug|Any CPU.ActiveCfg = Debug|Any CPU
		{0C27AA87-CF88-44CF-B878-520E98912D48}.Debug|Any CPU.Build.0 = Debug|Any CPU
		{0C27AA87-CF88-44CF-B878-520E98912D48}.Release|Any CPU.ActiveCfg = Release|Any CPU
		{0C27AA87-CF88-44CF-B878-520E98912D48}.Release|Any CPU.Build.0 = Release|Any CPU
		{CA8FAB1A-2EB5-4210-BD79-41D63BEBAC81}.Debug|Any CPU.ActiveCfg = Debug|Any CPU
		{CA8FAB1A-2EB5-4210-BD79-41D63BEBAC81}.Debug|Any CPU.Build.0 = Debug|Any CPU
		{CA8FAB1A-2EB5-4210-BD79-41D63BEBAC81}.Release|Any CPU.ActiveCfg = Release|Any CPU
		{CA8FAB1A-2EB5-4210-BD79-41D63BEBAC81}.Release|Any CPU.Build.0 = Release|Any CPU
		{02A4CD41-3080-4E97-A113-6C12FDA3ACF1}.Debug|Any CPU.ActiveCfg = Debug|Any CPU
		{02A4CD41-3080-4E97-A113-6C12FDA3ACF1}.Debug|Any CPU.Build.0 = Debug|Any CPU
		{02A4CD41-3080-4E97-A113-6C12FDA3ACF1}.Release|Any CPU.ActiveCfg = Release|Any CPU
		{02A4CD41-3080-4E97-A113-6C12FDA3ACF1}.Release|Any CPU.Build.0 = Release|Any CPU
		{810CCF7A-7B67-4364-8268-0BF7284CF3E6}.Debug|Any CPU.ActiveCfg = Debug|Any CPU
		{810CCF7A-7B67-4364-8268-0BF7284CF3E6}.Debug|Any CPU.Build.0 = Debug|Any CPU
		{810CCF7A-7B67-4364-8268-0BF7284CF3E6}.Release|Any CPU.ActiveCfg = Release|Any CPU
		{810CCF7A-7B67-4364-8268-0BF7284CF3E6}.Release|Any CPU.Build.0 = Release|Any CPU
		{08AD83BA-422A-4484-8022-5327D28A11E1}.Debug|Any CPU.ActiveCfg = Debug|Any CPU
		{08AD83BA-422A-4484-8022-5327D28A11E1}.Debug|Any CPU.Build.0 = Debug|Any CPU
		{08AD83BA-422A-4484-8022-5327D28A11E1}.Release|Any CPU.ActiveCfg = Release|Any CPU
		{08AD83BA-422A-4484-8022-5327D28A11E1}.Release|Any CPU.Build.0 = Release|Any CPU
		{4FBF4EBA-4E38-4FE6-994A-D8115D73D10D}.Debug|Any CPU.ActiveCfg = Debug|Any CPU
		{4FBF4EBA-4E38-4FE6-994A-D8115D73D10D}.Debug|Any CPU.Build.0 = Debug|Any CPU
		{4FBF4EBA-4E38-4FE6-994A-D8115D73D10D}.Release|Any CPU.ActiveCfg = Release|Any CPU
		{4FBF4EBA-4E38-4FE6-994A-D8115D73D10D}.Release|Any CPU.Build.0 = Release|Any CPU
		{6C49618B-1508-4468-899F-B9BAA61FCD42}.Debug|Any CPU.ActiveCfg = Debug|Any CPU
		{6C49618B-1508-4468-899F-B9BAA61FCD42}.Debug|Any CPU.Build.0 = Debug|Any CPU
		{6C49618B-1508-4468-899F-B9BAA61FCD42}.Release|Any CPU.ActiveCfg = Release|Any CPU
		{6C49618B-1508-4468-899F-B9BAA61FCD42}.Release|Any CPU.Build.0 = Release|Any CPU
		{7AA147DE-0A11-4E89-8305-376815B58B6E}.Debug|Any CPU.ActiveCfg = Debug|Any CPU
		{7AA147DE-0A11-4E89-8305-376815B58B6E}.Debug|Any CPU.Build.0 = Debug|Any CPU
		{7AA147DE-0A11-4E89-8305-376815B58B6E}.Release|Any CPU.ActiveCfg = Release|Any CPU
		{7AA147DE-0A11-4E89-8305-376815B58B6E}.Release|Any CPU.Build.0 = Release|Any CPU
		{66C119DF-DB0F-46F7-B93C-1D46CCFC3FFB}.Debug|Any CPU.ActiveCfg = Debug|Any CPU
		{66C119DF-DB0F-46F7-B93C-1D46CCFC3FFB}.Debug|Any CPU.Build.0 = Debug|Any CPU
		{66C119DF-DB0F-46F7-B93C-1D46CCFC3FFB}.Release|Any CPU.ActiveCfg = Release|Any CPU
		{66C119DF-DB0F-46F7-B93C-1D46CCFC3FFB}.Release|Any CPU.Build.0 = Release|Any CPU
		{C8B99A7B-85D3-4DF6-9578-3BD351540FA3}.Debug|Any CPU.ActiveCfg = Debug|Any CPU
		{C8B99A7B-85D3-4DF6-9578-3BD351540FA3}.Debug|Any CPU.Build.0 = Debug|Any CPU
		{C8B99A7B-85D3-4DF6-9578-3BD351540FA3}.Release|Any CPU.ActiveCfg = Release|Any CPU
		{C8B99A7B-85D3-4DF6-9578-3BD351540FA3}.Release|Any CPU.Build.0 = Release|Any CPU
		{E4DCFE58-04BD-4C64-8565-220E59EFE5F4}.Debug|Any CPU.ActiveCfg = Debug|Any CPU
		{E4DCFE58-04BD-4C64-8565-220E59EFE5F4}.Debug|Any CPU.Build.0 = Debug|Any CPU
		{E4DCFE58-04BD-4C64-8565-220E59EFE5F4}.Release|Any CPU.ActiveCfg = Release|Any CPU
		{E4DCFE58-04BD-4C64-8565-220E59EFE5F4}.Release|Any CPU.Build.0 = Release|Any CPU
		{A37C1F0E-5824-44EA-8E4B-100A31B5F252}.Debug|Any CPU.ActiveCfg = Debug|Any CPU
		{A37C1F0E-5824-44EA-8E4B-100A31B5F252}.Debug|Any CPU.Build.0 = Debug|Any CPU
		{A37C1F0E-5824-44EA-8E4B-100A31B5F252}.Release|Any CPU.ActiveCfg = Release|Any CPU
		{A37C1F0E-5824-44EA-8E4B-100A31B5F252}.Release|Any CPU.Build.0 = Release|Any CPU
		{78C5297D-A307-4098-80D8-AAA28EA14C8D}.Debug|Any CPU.ActiveCfg = Debug|Any CPU
		{78C5297D-A307-4098-80D8-AAA28EA14C8D}.Debug|Any CPU.Build.0 = Debug|Any CPU
		{78C5297D-A307-4098-80D8-AAA28EA14C8D}.Release|Any CPU.ActiveCfg = Release|Any CPU
		{78C5297D-A307-4098-80D8-AAA28EA14C8D}.Release|Any CPU.Build.0 = Release|Any CPU
		{95325658-3F4B-4B22-AF00-A09162CE7621}.Debug|Any CPU.ActiveCfg = Debug|Any CPU
		{95325658-3F4B-4B22-AF00-A09162CE7621}.Debug|Any CPU.Build.0 = Debug|Any CPU
		{95325658-3F4B-4B22-AF00-A09162CE7621}.Release|Any CPU.ActiveCfg = Release|Any CPU
		{95325658-3F4B-4B22-AF00-A09162CE7621}.Release|Any CPU.Build.0 = Release|Any CPU
		{77C52A96-C41A-4EE2-9A31-E53A912C1578}.Debug|Any CPU.ActiveCfg = Debug|Any CPU
		{77C52A96-C41A-4EE2-9A31-E53A912C1578}.Debug|Any CPU.Build.0 = Debug|Any CPU
		{77C52A96-C41A-4EE2-9A31-E53A912C1578}.Release|Any CPU.ActiveCfg = Release|Any CPU
		{77C52A96-C41A-4EE2-9A31-E53A912C1578}.Release|Any CPU.Build.0 = Release|Any CPU
		{CFBB5290-87E8-46F0-AC6D-7AAACDF24F4B}.Debug|Any CPU.ActiveCfg = Debug|Any CPU
		{CFBB5290-87E8-46F0-AC6D-7AAACDF24F4B}.Debug|Any CPU.Build.0 = Debug|Any CPU
		{CFBB5290-87E8-46F0-AC6D-7AAACDF24F4B}.Release|Any CPU.ActiveCfg = Release|Any CPU
		{CFBB5290-87E8-46F0-AC6D-7AAACDF24F4B}.Release|Any CPU.Build.0 = Release|Any CPU
		{EAD885EE-AB8C-43CD-8477-8627695482F6}.Debug|Any CPU.ActiveCfg = Debug|Any CPU
		{EAD885EE-AB8C-43CD-8477-8627695482F6}.Debug|Any CPU.Build.0 = Debug|Any CPU
		{EAD885EE-AB8C-43CD-8477-8627695482F6}.Release|Any CPU.ActiveCfg = Release|Any CPU
		{EAD885EE-AB8C-43CD-8477-8627695482F6}.Release|Any CPU.Build.0 = Release|Any CPU
		{20FF7C19-AB2A-4EB1-B02D-2CF834B5DF90}.Debug|Any CPU.ActiveCfg = Debug|Any CPU
		{20FF7C19-AB2A-4EB1-B02D-2CF834B5DF90}.Debug|Any CPU.Build.0 = Debug|Any CPU
		{20FF7C19-AB2A-4EB1-B02D-2CF834B5DF90}.Release|Any CPU.ActiveCfg = Release|Any CPU
		{20FF7C19-AB2A-4EB1-B02D-2CF834B5DF90}.Release|Any CPU.Build.0 = Release|Any CPU
		{3EC4F7B6-164B-45B8-89D8-49723AB89C80}.Debug|Any CPU.ActiveCfg = Debug|Any CPU
		{3EC4F7B6-164B-45B8-89D8-49723AB89C80}.Debug|Any CPU.Build.0 = Debug|Any CPU
		{3EC4F7B6-164B-45B8-89D8-49723AB89C80}.Release|Any CPU.ActiveCfg = Release|Any CPU
		{3EC4F7B6-164B-45B8-89D8-49723AB89C80}.Release|Any CPU.Build.0 = Release|Any CPU
		{2AAAB4E0-479C-4D04-B5C4-DCA8B6E78E73}.Debug|Any CPU.ActiveCfg = Debug|Any CPU
		{2AAAB4E0-479C-4D04-B5C4-DCA8B6E78E73}.Debug|Any CPU.Build.0 = Debug|Any CPU
		{2AAAB4E0-479C-4D04-B5C4-DCA8B6E78E73}.Release|Any CPU.ActiveCfg = Release|Any CPU
		{2AAAB4E0-479C-4D04-B5C4-DCA8B6E78E73}.Release|Any CPU.Build.0 = Release|Any CPU
		{D613FED2-986F-4A2F-AF55-8B3701285A24}.Debug|Any CPU.ActiveCfg = Debug|Any CPU
		{D613FED2-986F-4A2F-AF55-8B3701285A24}.Debug|Any CPU.Build.0 = Debug|Any CPU
		{D613FED2-986F-4A2F-AF55-8B3701285A24}.Release|Any CPU.ActiveCfg = Release|Any CPU
		{D613FED2-986F-4A2F-AF55-8B3701285A24}.Release|Any CPU.Build.0 = Release|Any CPU
	EndGlobalSection
	GlobalSection(NestedProjects) = preSolution
		{68A322D7-0A18-43C2-8D40-26ADA8D7C9F0} = {BD7277D3-0869-46B1-A5EE-AEE5F773F4C1}
		{6790EF6A-4FE4-4017-9D3D-AF6100182E89} = {BD7277D3-0869-46B1-A5EE-AEE5F773F4C1}
		{BC7FA25F-E5F2-4962-A56F-BC9544D98401} = {230A1423-A1FE-4677-8A70-FBB08E10347F}
		{F0D8357D-28E8-4B16-8E04-640C9B10AD34} = {BC7FA25F-E5F2-4962-A56F-BC9544D98401}
		{BD7277D3-0869-46B1-A5EE-AEE5F773F4C1} = {BC7FA25F-E5F2-4962-A56F-BC9544D98401}
		{F7FF8570-99F5-4EF5-ACDC-C986AAA27917} = {BC7FA25F-E5F2-4962-A56F-BC9544D98401}
		{0C27AA87-CF88-44CF-B878-520E98912D48} = {230A1423-A1FE-4677-8A70-FBB08E10347F}
		{CA8FAB1A-2EB5-4210-BD79-41D63BEBAC81} = {230A1423-A1FE-4677-8A70-FBB08E10347F}
		{02A4CD41-3080-4E97-A113-6C12FDA3ACF1} = {BC7FA25F-E5F2-4962-A56F-BC9544D98401}
		{113DE12C-F40F-4758-BF19-5A1F6E932871} = {835FDAEB-6337-4A96-9285-3A5A696AC104}
		{810CCF7A-7B67-4364-8268-0BF7284CF3E6} = {835FDAEB-6337-4A96-9285-3A5A696AC104}
		{08AD83BA-422A-4484-8022-5327D28A11E1} = {835FDAEB-6337-4A96-9285-3A5A696AC104}
		{4FBF4EBA-4E38-4FE6-994A-D8115D73D10D} = {835FDAEB-6337-4A96-9285-3A5A696AC104}
		{7AA147DE-0A11-4E89-8305-376815B58B6E} = {835FDAEB-6337-4A96-9285-3A5A696AC104}
		{66C119DF-DB0F-46F7-B93C-1D46CCFC3FFB} = {835FDAEB-6337-4A96-9285-3A5A696AC104}
		{E4DCFE58-04BD-4C64-8565-220E59EFE5F4} = {C2DE345E-5A08-4C96-8677-2C5BB6B92248}
		{C8B99A7B-85D3-4DF6-9578-3BD351540FA3} = {C2DE345E-5A08-4C96-8677-2C5BB6B92248}
		{78C5297D-A307-4098-80D8-AAA28EA14C8D} = {C2DE345E-5A08-4C96-8677-2C5BB6B92248}
		{95325658-3F4B-4B22-AF00-A09162CE7621} = {835FDAEB-6337-4A96-9285-3A5A696AC104}
		{77C52A96-C41A-4EE2-9A31-E53A912C1578} = {7E758D55-4170-4831-90F0-C0778356C0FC}
		{CFBB5290-87E8-46F0-AC6D-7AAACDF24F4B} = {C2DE345E-5A08-4C96-8677-2C5BB6B92248}
		{EAC37F0C-885F-4158-992A-EBB58E38D6BE} = {3002AC53-DB0E-4B89-BC65-D91056179A02}
		{EAD885EE-AB8C-43CD-8477-8627695482F6} = {C2DE345E-5A08-4C96-8677-2C5BB6B92248}
		{20FF7C19-AB2A-4EB1-B02D-2CF834B5DF90} = {C2DE345E-5A08-4C96-8677-2C5BB6B92248}
		{3EC4F7B6-164B-45B8-89D8-49723AB89C80} = {C2DE345E-5A08-4C96-8677-2C5BB6B92248}
		{2AAAB4E0-479C-4D04-B5C4-DCA8B6E78E73} = {C2DE345E-5A08-4C96-8677-2C5BB6B92248}
		{D613FED2-986F-4A2F-AF55-8B3701285A24} = {C2DE345E-5A08-4C96-8677-2C5BB6B92248}
	EndGlobalSection
EndGlobal
