
Microsoft Visual Studio Solution File, Format Version 12.00
Project("{FAE04EC0-301F-11D3-BF4B-00C04F79EFBC}") = "LedCube.Core", "LedCube.Core\LedCube.Core.csproj", "{D43EEA5D-C813-4DE9-90A0-6AAB85BF3206}"
EndProject
Project("{FAE04EC0-301F-11D3-BF4B-00C04F79EFBC}") = "LedCube.Streamer.Console", "LedCube.Streamer.Console\LedCube.Streamer.Console.csproj", "{113DE12C-F40F-4758-BF19-5A1F6E932871}"
EndProject
Project("{FAE04EC0-301F-11D3-BF4B-00C04F79EFBC}") = "LedCube.Test", "LedCube.Test\LedCube.Test.csproj", "{EAC37F0C-885F-4158-992A-EBB58E38D6BE}"
EndProject
Project("{2150E333-8FDC-42A3-9474-1A3956D46DE8}") = "ObjParser", "Animator\WIP\ObjParser", "{BD7277D3-0869-46B1-A5EE-AEE5F773F4C1}"
EndProject
Project("{FAE04EC0-301F-11D3-BF4B-00C04F79EFBC}") = "ObjParser", "Animator\WIP\ObjParser\ObjParser\ObjParser.csproj", "{68A322D7-0A18-43C2-8D40-26ADA8D7C9F0}"
EndProject
Project("{FAE04EC0-301F-11D3-BF4B-00C04F79EFBC}") = "ObjParser.Test", "Animator\WIP\ObjParser\ObjParser.Test\ObjParser.Test.csproj", "{6790EF6A-4FE4-4017-9D3D-AF6100182E89}"
EndProject
Project("{2150E333-8FDC-42A3-9474-1A3956D46DE8}") = "Animator", "Animator", "{230A1423-A1FE-4677-8A70-FBB08E10347F}"
EndProject
Project("{2150E333-8FDC-42A3-9474-1A3956D46DE8}") = "WIP", "WIP", "{BC7FA25F-E5F2-4962-A56F-BC9544D98401}"
EndProject
Project("{FAE04EC0-301F-11D3-BF4B-00C04F79EFBC}") = "Viewport3dDemo", "Animator\WIP\Viewport3dDemo\Viewport3dDemo.csproj", "{F0D8357D-28E8-4B16-8E04-640C9B10AD34}"
EndProject
Project("{FAE04EC0-301F-11D3-BF4B-00C04F79EFBC}") = "HelixToolkitDemo", "Animator\WIP\HelixToolkitDemo\HelixToolkitDemo.csproj", "{F7FF8570-99F5-4EF5-ACDC-C986AAA27917}"
EndProject
Project("{FAE04EC0-301F-11D3-BF4B-00C04F79EFBC}") = "LedCube.Animator", "Animator\LedCube.Animator\LedCube.Animator.csproj", "{0C27AA87-CF88-44CF-B878-520E98912D48}"
EndProject
Project("{FAE04EC0-301F-11D3-BF4B-00C04F79EFBC}") = "LedCube.Animator.Test", "Animator\LedCube.Animator.Test\LedCube.Animator.Test.csproj", "{CA8FAB1A-2EB5-4210-BD79-41D63BEBAC81}"
EndProject
Project("{FAE04EC0-301F-11D3-BF4B-00C04F79EFBC}") = "TimelineControl", "Animator\WIP\TimelineControl\TimelineControl.csproj", "{02A4CD41-3080-4E97-A113-6C12FDA3ACF1}"
EndProject
Project("{FAE04EC0-301F-11D3-BF4B-00C04F79EFBC}") = "LedCube.Streamer.DebugUI", "LedCube.Streamer.DebugUI\LedCube.Streamer.DebugUI.csproj", "{810CCF7A-7B67-4364-8268-0BF7284CF3E6}"
EndProject
Project("{2150E333-8FDC-42A3-9474-1A3956D46DE8}") = "Streamer", "Streamer", "{835FDAEB-6337-4A96-9285-3A5A696AC104}"
EndProject
Project("{FAE04EC0-301F-11D3-BF4B-00C04F79EFBC}") = "LedCube.Streamer", "LedCube.Streamer\LedCube.Streamer.csproj", "{08AD83BA-422A-4484-8022-5327D28A11E1}"
EndProject
Global
	GlobalSection(SolutionConfigurationPlatforms) = preSolution
		Debug|Any CPU = Debug|Any CPU
		Release|Any CPU = Release|Any CPU
	EndGlobalSection
	GlobalSection(ProjectConfigurationPlatforms) = postSolution
		{D43EEA5D-C813-4DE9-90A0-6AAB85BF3206}.Debug|Any CPU.ActiveCfg = Debug|Any CPU
		{D43EEA5D-C813-4DE9-90A0-6AAB85BF3206}.Debug|Any CPU.Build.0 = Debug|Any CPU
		{D43EEA5D-C813-4DE9-90A0-6AAB85BF3206}.Release|Any CPU.ActiveCfg = Release|Any CPU
		{D43EEA5D-C813-4DE9-90A0-6AAB85BF3206}.Release|Any CPU.Build.0 = Release|Any CPU
		{113DE12C-F40F-4758-BF19-5A1F6E932871}.Debug|Any CPU.ActiveCfg = Debug|Any CPU
		{113DE12C-F40F-4758-BF19-5A1F6E932871}.Debug|Any CPU.Build.0 = Debug|Any CPU
		{113DE12C-F40F-4758-BF19-5A1F6E932871}.Release|Any CPU.ActiveCfg = Release|Any CPU
		{113DE12C-F40F-4758-BF19-5A1F6E932871}.Release|Any CPU.Build.0 = Release|Any CPU
		{EAC37F0C-885F-4158-992A-EBB58E38D6BE}.Debug|Any CPU.ActiveCfg = Debug|Any CPU
		{EAC37F0C-885F-4158-992A-EBB58E38D6BE}.Debug|Any CPU.Build.0 = Debug|Any CPU
		{EAC37F0C-885F-4158-992A-EBB58E38D6BE}.Release|Any CPU.ActiveCfg = Release|Any CPU
		{EAC37F0C-885F-4158-992A-EBB58E38D6BE}.Release|Any CPU.Build.0 = Release|Any CPU
		{68A322D7-0A18-43C2-8D40-26ADA8D7C9F0}.Debug|Any CPU.ActiveCfg = Debug|Any CPU
		{68A322D7-0A18-43C2-8D40-26ADA8D7C9F0}.Debug|Any CPU.Build.0 = Debug|Any CPU
		{68A322D7-0A18-43C2-8D40-26ADA8D7C9F0}.Release|Any CPU.ActiveCfg = Release|Any CPU
		{68A322D7-0A18-43C2-8D40-26ADA8D7C9F0}.Release|Any CPU.Build.0 = Release|Any CPU
		{6790EF6A-4FE4-4017-9D3D-AF6100182E89}.Debug|Any CPU.ActiveCfg = Debug|Any CPU
		{6790EF6A-4FE4-4017-9D3D-AF6100182E89}.Debug|Any CPU.Build.0 = Debug|Any CPU
		{6790EF6A-4FE4-4017-9D3D-AF6100182E89}.Release|Any CPU.ActiveCfg = Release|Any CPU
		{6790EF6A-4FE4-4017-9D3D-AF6100182E89}.Release|Any CPU.Build.0 = Release|Any CPU
		{F0D8357D-28E8-4B16-8E04-640C9B10AD34}.Debug|Any CPU.ActiveCfg = Debug|Any CPU
		{F0D8357D-28E8-4B16-8E04-640C9B10AD34}.Debug|Any CPU.Build.0 = Debug|Any CPU
		{F0D8357D-28E8-4B16-8E04-640C9B10AD34}.Release|Any CPU.ActiveCfg = Release|Any CPU
		{F0D8357D-28E8-4B16-8E04-640C9B10AD34}.Release|Any CPU.Build.0 = Release|Any CPU
		{F7FF8570-99F5-4EF5-ACDC-C986AAA27917}.Debug|Any CPU.ActiveCfg = Debug|Any CPU
		{F7FF8570-99F5-4EF5-ACDC-C986AAA27917}.Debug|Any CPU.Build.0 = Debug|Any CPU
		{F7FF8570-99F5-4EF5-ACDC-C986AAA27917}.Release|Any CPU.ActiveCfg = Release|Any CPU
		{F7FF8570-99F5-4EF5-ACDC-C986AAA27917}.Release|Any CPU.Build.0 = Release|Any CPU
		{0C27AA87-CF88-44CF-B878-520E98912D48}.Debug|Any CPU.ActiveCfg = Debug|Any CPU
		{0C27AA87-CF88-44CF-B878-520E98912D48}.Debug|Any CPU.Build.0 = Debug|Any CPU
		{0C27AA87-CF88-44CF-B878-520E98912D48}.Release|Any CPU.ActiveCfg = Release|Any CPU
		{0C27AA87-CF88-44CF-B878-520E98912D48}.Release|Any CPU.Build.0 = Release|Any CPU
		{CA8FAB1A-2EB5-4210-BD79-41D63BEBAC81}.Debug|Any CPU.ActiveCfg = Debug|Any CPU
		{CA8FAB1A-2EB5-4210-BD79-41D63BEBAC81}.Debug|Any CPU.Build.0 = Debug|Any CPU
		{CA8FAB1A-2EB5-4210-BD79-41D63BEBAC81}.Release|Any CPU.ActiveCfg = Release|Any CPU
		{CA8FAB1A-2EB5-4210-BD79-41D63BEBAC81}.Release|Any CPU.Build.0 = Release|Any CPU
		{02A4CD41-3080-4E97-A113-6C12FDA3ACF1}.Debug|Any CPU.ActiveCfg = Debug|Any CPU
		{02A4CD41-3080-4E97-A113-6C12FDA3ACF1}.Debug|Any CPU.Build.0 = Debug|Any CPU
		{02A4CD41-3080-4E97-A113-6C12FDA3ACF1}.Release|Any CPU.ActiveCfg = Release|Any CPU
		{02A4CD41-3080-4E97-A113-6C12FDA3ACF1}.Release|Any CPU.Build.0 = Release|Any CPU
		{810CCF7A-7B67-4364-8268-0BF7284CF3E6}.Debug|Any CPU.ActiveCfg = Debug|Any CPU
		{810CCF7A-7B67-4364-8268-0BF7284CF3E6}.Debug|Any CPU.Build.0 = Debug|Any CPU
		{810CCF7A-7B67-4364-8268-0BF7284CF3E6}.Release|Any CPU.ActiveCfg = Release|Any CPU
		{810CCF7A-7B67-4364-8268-0BF7284CF3E6}.Release|Any CPU.Build.0 = Release|Any CPU
		{08AD83BA-422A-4484-8022-5327D28A11E1}.Debug|Any CPU.ActiveCfg = Debug|Any CPU
		{08AD83BA-422A-4484-8022-5327D28A11E1}.Debug|Any CPU.Build.0 = Debug|Any CPU
		{08AD83BA-422A-4484-8022-5327D28A11E1}.Release|Any CPU.ActiveCfg = Release|Any CPU
		{08AD83BA-422A-4484-8022-5327D28A11E1}.Release|Any CPU.Build.0 = Release|Any CPU
	EndGlobalSection
	GlobalSection(NestedProjects) = preSolution
		{68A322D7-0A18-43C2-8D40-26ADA8D7C9F0} = {BD7277D3-0869-46B1-A5EE-AEE5F773F4C1}
		{6790EF6A-4FE4-4017-9D3D-AF6100182E89} = {BD7277D3-0869-46B1-A5EE-AEE5F773F4C1}
		{BC7FA25F-E5F2-4962-A56F-BC9544D98401} = {230A1423-A1FE-4677-8A70-FBB08E10347F}
		{F0D8357D-28E8-4B16-8E04-640C9B10AD34} = {BC7FA25F-E5F2-4962-A56F-BC9544D98401}
		{BD7277D3-0869-46B1-A5EE-AEE5F773F4C1} = {BC7FA25F-E5F2-4962-A56F-BC9544D98401}
		{F7FF8570-99F5-4EF5-ACDC-C986AAA27917} = {BC7FA25F-E5F2-4962-A56F-BC9544D98401}
		{0C27AA87-CF88-44CF-B878-520E98912D48} = {230A1423-A1FE-4677-8A70-FBB08E10347F}
		{CA8FAB1A-2EB5-4210-BD79-41D63BEBAC81} = {230A1423-A1FE-4677-8A70-FBB08E10347F}
		{02A4CD41-3080-4E97-A113-6C12FDA3ACF1} = {BC7FA25F-E5F2-4962-A56F-BC9544D98401}
		{113DE12C-F40F-4758-BF19-5A1F6E932871} = {835FDAEB-6337-4A96-9285-3A5A696AC104}
		{810CCF7A-7B67-4364-8268-0BF7284CF3E6} = {835FDAEB-6337-4A96-9285-3A5A696AC104}
		{08AD83BA-422A-4484-8022-5327D28A11E1} = {835FDAEB-6337-4A96-9285-3A5A696AC104}
	EndGlobalSection
EndGlobal
